
Microsoft Visual Studio Solution File, Format Version 12.00
# Visual Studio Version 17
VisualStudioVersion = 17.0.31903.59
MinimumVisualStudioVersion = 10.0.40219.1
Project("{2150E333-8FDC-42A3-9474-1A3956D46DE8}") = "src", "src", "{F36BD266-CD75-4438-9BF9-CD91CDB18F2B}"
EndProject
Project("{FAE04EC0-301F-11D3-BF4B-00C04F79EFBC}") = "PaymentGateway.Api", "src\PaymentGateway.Api\PaymentGateway.Api.csproj", "{3CD9AAA2-2097-4874-9C40-FFDE26EE8E43}"
EndProject
Project("{2150E333-8FDC-42A3-9474-1A3956D46DE8}") = "test", "test", "{1EF69307-274F-458E-BBE8-4D390512A8C6}"
EndProject
Project("{FAE04EC0-301F-11D3-BF4B-00C04F79EFBC}") = "PaymentGateway.Api.Tests", "test\PaymentGateway.Api.Tests\PaymentGateway.Api.Tests.csproj", "{3A92D8D6-0359-4752-91AE-D8A59622518A}"
EndProject
Project("{FAE04EC0-301F-11D3-BF4B-00C04F79EFBC}") = "PaymentGateway.Api.TestUtils", "test\PaymentGateway.Api.TestUtils\PaymentGateway.Api.TestUtils.csproj", "{0CC8B5E1-1516-4E7A-8EFF-0615FB0E7E98}"
EndProject
Project("{FAE04EC0-301F-11D3-BF4B-00C04F79EFBC}") = "PaymentGateway.Api.IntegrationTests", "test\PaymentGateway.Api.IntegrationTests\PaymentGateway.Api.IntegrationTests.csproj", "{ADDFBD9A-3FBE-4469-A60F-61559B700AA1}"
EndProject
Project("{2150E333-8FDC-42A3-9474-1A3956D46DE8}") = "SolutionItems", "SolutionItems", "{7DFA14A0-3F47-423A-A486-FFBD3F754E1C}"
	ProjectSection(SolutionItems) = preProject
		docker-compose.yml = docker-compose.yml
		http\bank-simulator.http = http\bank-simulator.http
		http\http-client.env.json = http\http-client.env.json
		http\payments.http = http\payments.http
		http\validation.http = http\validation.http
	EndProjectSection
EndProject
Global
	GlobalSection(SolutionConfigurationPlatforms) = preSolution
		Debug|Any CPU = Debug|Any CPU
		Release|Any CPU = Release|Any CPU
	EndGlobalSection
	GlobalSection(SolutionProperties) = preSolution
		HideSolutionNode = FALSE
	EndGlobalSection
	GlobalSection(ProjectConfigurationPlatforms) = postSolution
		{3CD9AAA2-2097-4874-9C40-FFDE26EE8E43}.Debug|Any CPU.ActiveCfg = Debug|Any CPU
		{3CD9AAA2-2097-4874-9C40-FFDE26EE8E43}.Debug|Any CPU.Build.0 = Debug|Any CPU
		{3CD9AAA2-2097-4874-9C40-FFDE26EE8E43}.Release|Any CPU.ActiveCfg = Release|Any CPU
		{3CD9AAA2-2097-4874-9C40-FFDE26EE8E43}.Release|Any CPU.Build.0 = Release|Any CPU
		{3A92D8D6-0359-4752-91AE-D8A59622518A}.Debug|Any CPU.ActiveCfg = Debug|Any CPU
		{3A92D8D6-0359-4752-91AE-D8A59622518A}.Debug|Any CPU.Build.0 = Debug|Any CPU
		{3A92D8D6-0359-4752-91AE-D8A59622518A}.Release|Any CPU.ActiveCfg = Release|Any CPU
		{3A92D8D6-0359-4752-91AE-D8A59622518A}.Release|Any CPU.Build.0 = Release|Any CPU
		{0CC8B5E1-1516-4E7A-8EFF-0615FB0E7E98}.Debug|Any CPU.ActiveCfg = Debug|Any CPU
		{0CC8B5E1-1516-4E7A-8EFF-0615FB0E7E98}.Debug|Any CPU.Build.0 = Debug|Any CPU
		{0CC8B5E1-1516-4E7A-8EFF-0615FB0E7E98}.Release|Any CPU.ActiveCfg = Release|Any CPU
		{0CC8B5E1-1516-4E7A-8EFF-0615FB0E7E98}.Release|Any CPU.Build.0 = Release|Any CPU
		{ADDFBD9A-3FBE-4469-A60F-61559B700AA1}.Debug|Any CPU.ActiveCfg = Debug|Any CPU
		{ADDFBD9A-3FBE-4469-A60F-61559B700AA1}.Debug|Any CPU.Build.0 = Debug|Any CPU
		{ADDFBD9A-3FBE-4469-A60F-61559B700AA1}.Release|Any CPU.ActiveCfg = Release|Any CPU
		{ADDFBD9A-3FBE-4469-A60F-61559B700AA1}.Release|Any CPU.Build.0 = Release|Any CPU
	EndGlobalSection
	GlobalSection(NestedProjects) = preSolution
		{3CD9AAA2-2097-4874-9C40-FFDE26EE8E43} = {F36BD266-CD75-4438-9BF9-CD91CDB18F2B}
		{3A92D8D6-0359-4752-91AE-D8A59622518A} = {1EF69307-274F-458E-BBE8-4D390512A8C6}
		{0CC8B5E1-1516-4E7A-8EFF-0615FB0E7E98} = {1EF69307-274F-458E-BBE8-4D390512A8C6}
		{ADDFBD9A-3FBE-4469-A60F-61559B700AA1} = {1EF69307-274F-458E-BBE8-4D390512A8C6}
	EndGlobalSection
EndGlobal
